Microsoft Visual Studio Solution File, Format Version 11.00
# Visual Studio 2008

Project("{A8D64273-39B4-4D28-A341-C5D43A889D4E}") = "SushiHouseAndCat", "Assembly-CSharp-firstpass.csproj", "{FEFA7C27-15A4-1EA6-534C-E57549D5149C}"
EndProject
Project("{A8D64273-39B4-4D28-A341-C5D43A889D4E}") = "SushiHouseAndCat", "Assembly-CSharp.csproj", "{C5575AA1-BE89-8280-0C1E-7DB402A96413}"
EndProject
Project("{A8D64273-39B4-4D28-A341-C5D43A889D4E}") = "SushiHouseAndCat", "Assembly-CSharp-Editor.csproj", "{9BFB2F18-21AE-C444-6DEB-ED2CA0BB2F78}"
EndProject
Global
	GlobalSection(SolutionConfigurationPlatforms) = preSolution
		Debug|Any CPU = Debug|Any CPU
		Release|Any CPU = Release|Any CPU
	EndGlobalSection
	GlobalSection(ProjectConfigurationPlatforms) = postSolution
		{FEFA7C27-15A4-1EA6-534C-E57549D5149C}.Debug|Any CPU.ActiveCfg = Debug|Any CPU
		{FEFA7C27-15A4-1EA6-534C-E57549D5149C}.Debug|Any CPU.Build.0 = Debug|Any CPU
		{FEFA7C27-15A4-1EA6-534C-E57549D5149C}.Release|Any CPU.ActiveCfg = Release|Any CPU
		{FEFA7C27-15A4-1EA6-534C-E57549D5149C}.Release|Any CPU.Build.0 = Release|Any CPU
		{C5575AA1-BE89-8280-0C1E-7DB402A96413}.Debug|Any CPU.ActiveCfg = Debug|Any CPU
		{C5575AA1-BE89-8280-0C1E-7DB402A96413}.Debug|Any CPU.Build.0 = Debug|Any CPU
		{C5575AA1-BE89-8280-0C1E-7DB402A96413}.Release|Any CPU.ActiveCfg = Release|Any CPU
		{C5575AA1-BE89-8280-0C1E-7DB402A96413}.Release|Any CPU.Build.0 = Release|Any CPU
		{9BFB2F18-21AE-C444-6DEB-ED2CA0BB2F78}.Debug|Any CPU.ActiveCfg = Debug|Any CPU
		{9BFB2F18-21AE-C444-6DEB-ED2CA0BB2F78}.Debug|Any CPU.Build.0 = Debug|Any CPU
		{9BFB2F18-21AE-C444-6DEB-ED2CA0BB2F78}.Release|Any CPU.ActiveCfg = Release|Any CPU
		{9BFB2F18-21AE-C444-6DEB-ED2CA0BB2F78}.Release|Any CPU.Build.0 = Release|Any CPU
	EndGlobalSection
	GlobalSection(SolutionProperties) = preSolution
		HideSolutionNode = FALSE
	EndGlobalSection
	GlobalSection(MonoDevelopProperties) = preSolution
		StartupItem = Assembly-CSharp.csproj
	EndGlobalSection
EndGlobal
